// !$*UTF8*$!
{
	archiveVersion = 1;
	classes = {
	};
	objectVersion = 50;
	objects = {

/* Begin PBXBuildFile section */
		AD29F84123767820002823E5 /* AppDelegate.swift in Sources */ = {isa = PBXBuildFile; fileRef = AD29F84023767820002823E5 /* AppDelegate.swift */; };
		AD29F84323767820002823E5 /* SceneDelegate.swift in Sources */ = {isa = PBXBuildFile; fileRef = AD29F84223767820002823E5 /* SceneDelegate.swift */; };
		AD29F84523767820002823E5 /* WelcomeView.swift in Sources */ = {isa = PBXBuildFile; fileRef = AD29F84423767820002823E5 /* WelcomeView.swift */; };
		AD29F84723767823002823E5 /* Assets.xcassets in Resources */ = {isa = PBXBuildFile; fileRef = AD29F84623767823002823E5 /* Assets.xcassets */; };
		AD29F84A23767823002823E5 /* Preview Assets.xcassets in Resources */ = {isa = PBXBuildFile; fileRef = AD29F84923767823002823E5 /* Preview Assets.xcassets */; };
		AD29F84D23767824002823E5 /* LaunchScreen.storyboard in Resources */ = {isa = PBXBuildFile; fileRef = AD29F84B23767824002823E5 /* LaunchScreen.storyboard */; };
		AD29F855237679C3002823E5 /* BackgroundImageView.swift in Sources */ = {isa = PBXBuildFile; fileRef = AD29F854237679C3002823E5 /* BackgroundImageView.swift */; };
		AD499AA123767E7D0020C173 /* MenuButtonView.swift in Sources */ = {isa = PBXBuildFile; fileRef = AD499AA023767E7D0020C173 /* MenuButtonView.swift */; };
		AD499AA32376803F0020C173 /* WelcomeTextView.swift in Sources */ = {isa = PBXBuildFile; fileRef = AD499AA22376803F0020C173 /* WelcomeTextView.swift */; };
		AD499AA5237681290020C173 /* SignInOrCreateButtonView.swift in Sources */ = {isa = PBXBuildFile; fileRef = AD499AA4237681290020C173 /* SignInOrCreateButtonView.swift */; };
/* End PBXBuildFile section */

/* Begin PBXFileReference section */
		AD29F83D23767820002823E5 /* Shake Shack.app */ = {isa = PBXFileReference; explicitFileType = wrapper.application; includeInIndex = 0; path = "Shake Shack.app"; sourceTree = BUILT_PRODUCTS_DIR; };
		AD29F84023767820002823E5 /* AppDelegate.swift */ = {isa = PBXFileReference; lastKnownFileType = sourcecode.swift; path = AppDelegate.swift; sourceTree = "<group>"; };
		AD29F84223767820002823E5 /* SceneDelegate.swift */ = {isa = PBXFileReference; lastKnownFileType = sourcecode.swift; path = SceneDelegate.swift; sourceTree = "<group>"; };
		AD29F84423767820002823E5 /* WelcomeView.swift */ = {isa = PBXFileReference; lastKnownFileType = sourcecode.swift; path = WelcomeView.swift; sourceTree = "<group>"; };
		AD29F84623767823002823E5 /* Assets.xcassets */ = {isa = PBXFileReference; lastKnownFileType = folder.assetcatalog; path = Assets.xcassets; sourceTree = "<group>"; };
		AD29F84923767823002823E5 /* Preview Assets.xcassets */ = {isa = PBXFileReference; lastKnownFileType = folder.assetcatalog; path = "Preview Assets.xcassets"; sourceTree = "<group>"; };
		AD29F84C23767824002823E5 /* Base */ = {isa = PBXFileReference; lastKnownFileType = file.storyboard; name = Base; path = Base.lproj/LaunchScreen.storyboard; sourceTree = "<group>"; };
		AD29F84E23767824002823E5 /* Info.plist */ = {isa = PBXFileReference; lastKnownFileType = text.plist.xml; path = Info.plist; sourceTree = "<group>"; };
		AD29F854237679C3002823E5 /* BackgroundImageView.swift */ = {isa = PBXFileReference; lastKnownFileType = sourcecode.swift; path = BackgroundImageView.swift; sourceTree = "<group>"; };
		AD499AA023767E7D0020C173 /* MenuButtonView.swift */ = {isa = PBXFileReference; lastKnownFileType = sourcecode.swift; path = MenuButtonView.swift; sourceTree = "<group>"; };
		AD499AA22376803F0020C173 /* WelcomeTextView.swift */ = {isa = PBXFileReference; lastKnownFileType = sourcecode.swift; path = WelcomeTextView.swift; sourceTree = "<group>"; };
		AD499AA4237681290020C173 /* SignInOrCreateButtonView.swift */ = {isa = PBXFileReference; lastKnownFileType = sourcecode.swift; path = SignInOrCreateButtonView.swift; sourceTree = "<group>"; };
/* End PBXFileReference section */

/* Begin PBXFrameworksBuildPhase section */
		AD29F83A23767820002823E5 /* Frameworks */ = {
			isa = PBXFrameworksBuildPhase;
			buildActionMask = 2147483647;
			files = (
			);
			runOnlyForDeploymentPostprocessing = 0;
		};
/* End PBXFrameworksBuildPhase section */

/* Begin PBXGroup section */
		AD29F83423767820002823E5 = {
			isa = PBXGroup;
			children = (
				AD29F83F23767820002823E5 /* Shake Shack */,
				AD29F83E23767820002823E5 /* Products */,
			);
			sourceTree = "<group>";
		};
		AD29F83E23767820002823E5 /* Products */ = {
			isa = PBXGroup;
			children = (
				AD29F83D23767820002823E5 /* Shake Shack.app */,
			);
			name = Products;
			sourceTree = "<group>";
		};
		AD29F83F23767820002823E5 /* Shake Shack */ = {
			isa = PBXGroup;
			children = (
				AD29F84023767820002823E5 /* AppDelegate.swift */,
				AD29F84223767820002823E5 /* SceneDelegate.swift */,
				AD29F84423767820002823E5 /* WelcomeView.swift */,
				AD499AA023767E7D0020C173 /* MenuButtonView.swift */,
				AD499AA4237681290020C173 /* SignInOrCreateButtonView.swift */,
				AD499AA22376803F0020C173 /* WelcomeTextView.swift */,
				AD29F854237679C3002823E5 /* BackgroundImageView.swift */,
				AD29F84623767823002823E5 /* Assets.xcassets */,
				AD29F84B23767824002823E5 /* LaunchScreen.storyboard */,
				AD29F84E23767824002823E5 /* Info.plist */,
				AD29F84823767823002823E5 /* Preview Content */,
			);
			path = "Shake Shack";
			sourceTree = "<group>";
		};
		AD29F84823767823002823E5 /* Preview Content */ = {
			isa = PBXGroup;
			children = (
				AD29F84923767823002823E5 /* Preview Assets.xcassets */,
			);
			path = "Preview Content";
			sourceTree = "<group>";
		};
/* End PBXGroup section */

/* Begin PBXNativeTarget section */
		AD29F83C23767820002823E5 /* Shake Shack */ = {
			isa = PBXNativeTarget;
			buildConfigurationList = AD29F85123767824002823E5 /* Build configuration list for PBXNativeTarget "Shake Shack" */;
			buildPhases = (
				AD29F83923767820002823E5 /* Sources */,
				AD29F83A23767820002823E5 /* Frameworks */,
				AD29F83B23767820002823E5 /* Resources */,
			);
			buildRules = (
			);
			dependencies = (
			);
			name = "Shake Shack";
			productName = "Shake Shack";
			productReference = AD29F83D23767820002823E5 /* Shake Shack.app */;
			productType = "com.apple.product-type.application";
		};
/* End PBXNativeTarget section */

/* Begin PBXProject section */
		AD29F83523767820002823E5 /* Project object */ = {
			isa = PBXProject;
			attributes = {
				LastSwiftUpdateCheck = 1120;
				LastUpgradeCheck = 1120;
				ORGANIZATIONNAME = BaraLabs;
				TargetAttributes = {
					AD29F83C23767820002823E5 = {
						CreatedOnToolsVersion = 11.2.1;
					};
				};
			};
			buildConfigurationList = AD29F83823767820002823E5 /* Build configuration list for PBXProject "Shake Shack" */;
			compatibilityVersion = "Xcode 9.3";
			developmentRegion = en;
			hasScannedForEncodings = 0;
			knownRegions = (
				en,
				Base,
			);
			mainGroup = AD29F83423767820002823E5;
			productRefGroup = AD29F83E23767820002823E5 /* Products */;
			projectDirPath = "";
			projectRoot = "";
			targets = (
				AD29F83C23767820002823E5 /* Shake Shack */,
			);
		};
/* End PBXProject section */

/* Begin PBXResourcesBuildPhase section */
		AD29F83B23767820002823E5 /* Resources */ = {
			isa = PBXResourcesBuildPhase;
			buildActionMask = 2147483647;
			files = (
				AD29F84D23767824002823E5 /* LaunchScreen.storyboard in Resources */,
				AD29F84A23767823002823E5 /* Preview Assets.xcassets in Resources */,
				AD29F84723767823002823E5 /* Assets.xcassets in Resources */,
			);
			runOnlyForDeploymentPostprocessing = 0;
		};
/* End PBXResourcesBuildPhase section */

/* Begin PBXSourcesBuildPhase section */
		AD29F83923767820002823E5 /* Sources */ = {
			isa = PBXSourcesBuildPhase;
			buildActionMask = 2147483647;
			files = (
				AD29F84123767820002823E5 /* AppDelegate.swift in Sources */,
				AD29F84323767820002823E5 /* SceneDelegate.swift in Sources */,
				AD499AA32376803F0020C173 /* WelcomeTextView.swift in Sources */,
				AD499AA5237681290020C173 /* SignInOrCreateButtonView.swift in Sources */,
				AD29F855237679C3002823E5 /* BackgroundImageView.swift in Sources */,
				AD499AA123767E7D0020C173 /* MenuButtonView.swift in Sources */,
				AD29F84523767820002823E5 /* WelcomeView.swift in Sources */,
			);
			runOnlyForDeploymentPostprocessing = 0;
		};
/* End PBXSourcesBuildPhase section */

/* Begin PBXVariantGroup section */
		AD29F84B23767824002823E5 /* LaunchScreen.storyboard */ = {
			isa = PBXVariantGroup;
			children = (
				AD29F84C23767824002823E5 /* Base */,
			);
			name = LaunchScreen.storyboard;
			sourceTree = "<group>";
		};
/* End PBXVariantGroup section */

/* Begin XCBuildConfiguration section */
		AD29F84F23767824002823E5 /* Debug */ = {
			isa = XCBuildConfiguration;
			buildSettings = {
				ALWAYS_SEARCH_USER_PATHS = NO;
				CLANG_ANALYZER_NONNULL = YES;
				CLANG_ANALYZER_NUMBER_OBJECT_CONVERSION = YES_AGGRESSIVE;
				CLANG_CXX_LANGUAGE_STANDARD = "gnu++14";
				CLANG_CXX_LIBRARY = "libc++";
				CLANG_ENABLE_MODULES = YES;
				CLANG_ENABLE_OBJC_ARC = YES;
				CLANG_ENABLE_OBJC_WEAK = YES;
				CLANG_WARN_BLOCK_CAPTURE_AUTORELEASING = YES;
				CLANG_WARN_BOOL_CONVERSION = YES;
				CLANG_WARN_COMMA = YES;
				CLANG_WARN_CONSTANT_CONVERSION = YES;
				CLANG_WARN_DEPRECATED_OBJC_IMPLEMENTATIONS = YES;
				CLANG_WARN_DIRECT_OBJC_ISA_USAGE = YES_ERROR;
				CLANG_WARN_DOCUMENTATION_COMMENTS = YES;
				CLANG_WARN_EMPTY_BODY = YES;
				CLANG_WARN_ENUM_CONVERSION = YES;
				CLANG_WARN_INFINITE_RECURSION = YES;
				CLANG_WARN_INT_CONVERSION = YES;
				CLANG_WARN_NON_LITERAL_NULL_CONVERSION = YES;
				CLANG_WARN_OBJC_IMPLICIT_RETAIN_SELF = YES;
				CLANG_WARN_OBJC_LITERAL_CONVERSION = YES;
				CLANG_WARN_OBJC_ROOT_CLASS = YES_ERROR;
				CLANG_WARN_RANGE_LOOP_ANALYSIS = YES;
				CLANG_WARN_STRICT_PROTOTYPES = YES;
				CLANG_WARN_SUSPICIOUS_MOVE = YES;
				CLANG_WARN_UNGUARDED_AVAILABILITY = YES_AGGRESSIVE;
				CLANG_WARN_UNREACHABLE_CODE = YES;
				CLANG_WARN__DUPLICATE_METHOD_MATCH = YES;
				COPY_PHASE_STRIP = NO;
				DEBUG_INFORMATION_FORMAT = dwarf;
				ENABLE_STRICT_OBJC_MSGSEND = YES;
				ENABLE_TESTABILITY = YES;
				GCC_C_LANGUAGE_STANDARD = gnu11;
				GCC_DYNAMIC_NO_PIC = NO;
				GCC_NO_COMMON_BLOCKS = YES;
				GCC_OPTIMIZATION_LEVEL = 0;
				GCC_PREPROCESSOR_DEFINITIONS = (
					"DEBUG=1",
					"$(inherited)",
				);
				GCC_WARN_64_TO_32_BIT_CONVERSION = YES;
				GCC_WARN_ABOUT_RETURN_TYPE = YES_ERROR;
				GCC_WARN_UNDECLARED_SELECTOR = YES;
				GCC_WARN_UNINITIALIZED_AUTOS = YES_AGGRESSIVE;
				GCC_WARN_UNUSED_FUNCTION = YES;
				GCC_WARN_UNUSED_VARIABLE = YES;
				IPHONEOS_DEPLOYMENT_TARGET = 13.2;
				MTL_ENABLE_DEBUG_INFO = INCLUDE_SOURCE;
				MTL_FAST_MATH = YES;
				ONLY_ACTIVE_ARCH = YES;
				SDKROOT = iphoneos;
				SWIFT_ACTIVE_COMPILATION_CONDITIONS = DEBUG;
				SWIFT_OPTIMIZATION_LEVEL = "-Onone";
			};
			name = Debug;
		};
		AD29F85023767824002823E5 /* Release */ = {
			isa = XCBuildConfiguration;
			buildSettings = {
				ALWAYS_SEARCH_USER_PATHS = NO;
				CLANG_ANALYZER_NONNULL = YES;
				CLANG_ANALYZER_NUMBER_OBJECT_CONVERSION = YES_AGGRESSIVE;
				CLANG_CXX_LANGUAGE_STANDARD = "gnu++14";
				CLANG_CXX_LIBRARY = "libc++";
				CLANG_ENABLE_MODULES = YES;
				CLANG_ENABLE_OBJC_ARC = YES;
				CLANG_ENABLE_OBJC_WEAK = YES;
				CLANG_WARN_BLOCK_CAPTURE_AUTORELEASING = YES;
				CLANG_WARN_BOOL_CONVERSION = YES;
				CLANG_WARN_COMMA = YES;
				CLANG_WARN_CONSTANT_CONVERSION = YES;
				CLANG_WARN_DEPRECATED_OBJC_IMPLEMENTATIONS = YES;
				CLANG_WARN_DIRECT_OBJC_ISA_USAGE = YES_ERROR;
				CLANG_WARN_DOCUMENTATION_COMMENTS = YES;
				CLANG_WARN_EMPTY_BODY = YES;
				CLANG_WARN_ENUM_CONVERSION = YES;
				CLANG_WARN_INFINITE_RECURSION = YES;
				CLANG_WARN_INT_CONVERSION = YES;
				CLANG_WARN_NON_LITERAL_NULL_CONVERSION = YES;
				CLANG_WARN_OBJC_IMPLICIT_RETAIN_SELF = YES;
				CLANG_WARN_OBJC_LITERAL_CONVERSION = YES;
				CLANG_WARN_OBJC_ROOT_CLASS = YES_ERROR;
				CLANG_WARN_RANGE_LOOP_ANALYSIS = YES;
				CLANG_WARN_STRICT_PROTOTYPES = YES;
				CLANG_WARN_SUSPICIOUS_MOVE = YES;
				CLANG_WARN_UNGUARDED_AVAILABILITY = YES_AGGRESSIVE;
				CLANG_WARN_UNREACHABLE_CODE = YES;
				CLANG_WARN__DUPLICATE_METHOD_MATCH = YES;
				COPY_PHASE_STRIP = NO;
				DEBUG_INFORMATION_FORMAT = "dwarf-with-dsym";
				ENABLE_NS_ASSERTIONS = NO;
				ENABLE_STRICT_OBJC_MSGSEND = YES;
				GCC_C_LANGUAGE_STANDARD = gnu11;
				GCC_NO_COMMON_BLOCKS = YES;
				GCC_WARN_64_TO_32_BIT_CONVERSION = YES;
				GCC_WARN_ABOUT_RETURN_TYPE = YES_ERROR;
				GCC_WARN_UNDECLARED_SELECTOR = YES;
				GCC_WARN_UNINITIALIZED_AUTOS = YES_AGGRESSIVE;
				GCC_WARN_UNUSED_FUNCTION = YES;
				GCC_WARN_UNUSED_VARIABLE = YES;
				IPHONEOS_DEPLOYMENT_TARGET = 13.2;
				MTL_ENABLE_DEBUG_INFO = NO;
				MTL_FAST_MATH = YES;
				SDKROOT = iphoneos;
				SWIFT_COMPILATION_MODE = wholemodule;
				SWIFT_OPTIMIZATION_LEVEL = "-O";
				VALIDATE_PRODUCT = YES;
			};
			name = Release;
		};
		AD29F85223767824002823E5 /* Debug */ = {
			isa = XCBuildConfiguration;
			buildSettings = {
				ASSETCATALOG_COMPILER_APPICON_NAME = AppIcon;
				CODE_SIGN_STYLE = Automatic;
				DEVELOPMENT_ASSET_PATHS = "\"Shake Shack/Preview Content\"";
				DEVELOPMENT_TEAM = CF655ESNGC;
				ENABLE_PREVIEWS = YES;
				INFOPLIST_FILE = "Shake Shack/Info.plist";
				LD_RUNPATH_SEARCH_PATHS = (
					"$(inherited)",
					"@executable_path/Frameworks",
				);
				PRODUCT_BUNDLE_IDENTIFIER = "com.baralabs.Shake-Shack";
				PRODUCT_NAME = "$(TARGET_NAME)";
				SWIFT_VERSION = 5.0;
				TARGETED_DEVICE_FAMILY = "1,2";
			};
			name = Debug;
		};
		AD29F85323767824002823E5 /* Release */ = {
			isa = XCBuildConfiguration;
			buildSettings = {
				ASSETCATALOG_COMPILER_APPICON_NAME = AppIcon;
				CODE_SIGN_STYLE = Automatic;
				DEVELOPMENT_ASSET_PATHS = "\"Shake Shack/Preview Content\"";
				DEVELOPMENT_TEAM = CF655ESNGC;
				ENABLE_PREVIEWS = YES;
				INFOPLIST_FILE = "Shake Shack/Info.plist";
				LD_RUNPATH_SEARCH_PATHS = (
					"$(inherited)",
					"@executable_path/Frameworks",
				);
				PRODUCT_BUNDLE_IDENTIFIER = "com.baralabs.Shake-Shack";
				PRODUCT_NAME = "$(TARGET_NAME)";
				SWIFT_VERSION = 5.0;
				TARGETED_DEVICE_FAMILY = "1,2";
			};
			name = Release;
		};
/* End XCBuildConfiguration section */

/* Begin XCConfigurationList section */
		AD29F83823767820002823E5 /* Build configuration list for PBXProject "Shake Shack" */ = {
			isa = XCConfigurationList;
			buildConfigurations = (
				AD29F84F23767824002823E5 /* Debug */,
				AD29F85023767824002823E5 /* Release */,
			);
			defaultConfigurationIsVisible = 0;
			defaultConfigurationName = Release;
		};
		AD29F85123767824002823E5 /* Build configuration list for PBXNativeTarget "Shake Shack" */ = {
			isa = XCConfigurationList;
			buildConfigurations = (
				AD29F85223767824002823E5 /* Debug */,
				AD29F85323767824002823E5 /* Release */,
			);
			defaultConfigurationIsVisible = 0;
			defaultConfigurationName = Release;
		};
/* End XCConfigurationList section */
	};
	rootObject = AD29F83523767820002823E5 /* Project object */;
}
